
Microsoft Visual Studio Solution File, Format Version 12.00
# Visual Studio Version 17
VisualStudioVersion = 17.4.33205.214
MinimumVisualStudioVersion = 10.0.40219.1
Project("{9A19103F-16F7-4668-BE54-9A1E7A4F7556}") = "RabbitMQ", "RabbitMQ\RabbitMQ.csproj", "{DF93021E-F5E0-46BB-BBC3-EE8A09B7169F}"
EndProject
Project("{FAE04EC0-301F-11D3-BF4B-00C04F79EFBC}") = "Receiver", "Receiver\Receiver.csproj", "{53F6C914-AD85-4B72-8727-AA5791804CD0}"
EndProject
Global
	GlobalSection(SolutionConfigurationPlatforms) = preSolution
		Debug|Any CPU = Debug|Any CPU
		Release|Any CPU = Release|Any CPU
	EndGlobalSection
	GlobalSection(ProjectConfigurationPlatforms) = postSolution
		{DF93021E-F5E0-46BB-BBC3-EE8A09B7169F}.Debug|Any CPU.ActiveCfg = Debug|Any CPU
		{DF93021E-F5E0-46BB-BBC3-EE8A09B7169F}.Debug|Any CPU.Build.0 = Debug|Any CPU
		{DF93021E-F5E0-46BB-BBC3-EE8A09B7169F}.Release|Any CPU.ActiveCfg = Release|Any CPU
		{DF93021E-F5E0-46BB-BBC3-EE8A09B7169F}.Release|Any CPU.Build.0 = Release|Any CPU
		{53F6C914-AD85-4B72-8727-AA5791804CD0}.Debug|Any CPU.ActiveCfg = Debug|Any CPU
		{53F6C914-AD85-4B72-8727-AA5791804CD0}.Debug|Any CPU.Build.0 = Debug|Any CPU
		{53F6C914-AD85-4B72-8727-AA5791804CD0}.Release|Any CPU.ActiveCfg = Release|Any CPU
		{53F6C914-AD85-4B72-8727-AA5791804CD0}.Release|Any CPU.Build.0 = Release|Any CPU
	EndGlobalSection
	GlobalSection(SolutionProperties) = preSolution
		HideSolutionNode = FALSE
	EndGlobalSection
	GlobalSection(ExtensibilityGlobals) = postSolution
		SolutionGuid = {29827443-ED72-47C7-A4FD-D0A7EBF5FA54}
	EndGlobalSection
EndGlobal
